
Microsoft Visual Studio Solution File, Format Version 12.00
# Visual Studio Version 16
VisualStudioVersion = 16.0.30621.155
MinimumVisualStudioVersion = 10.0.40219.1
Project("{8BC9CEB8-8B4A-11D0-8D11-00A0C91BC942}") = "SFML-ThomasWasLate-04", "SFML-ThomasWasLate-04\SFML-ThomasWasLate-04.vcxproj", "{68EDCF43-6E85-42F5-A89C-EE50AE4C446A}"
EndProject
Global
	GlobalSection(SolutionConfigurationPlatforms) = preSolution
		Debug|x64 = Debug|x64
		Debug|x86 = Debug|x86
		Release|x64 = Release|x64
		Release|x86 = Release|x86
	EndGlobalSection
	GlobalSection(ProjectConfigurationPlatforms) = postSolution
		{68EDCF43-6E85-42F5-A89C-EE50AE4C446A}.Debug|x64.ActiveCfg = Debug|x64
		{68EDCF43-6E85-42F5-A89C-EE50AE4C446A}.Debug|x64.Build.0 = Debug|x64
		{68EDCF43-6E85-42F5-A89C-EE50AE4C446A}.Debug|x86.ActiveCfg = Debug|Win32
		{68EDCF43-6E85-42F5-A89C-EE50AE4C446A}.Debug|x86.Build.0 = Debug|Win32
		{68EDCF43-6E85-42F5-A89C-EE50AE4C446A}.Release|x64.ActiveCfg = Release|x64
		{68EDCF43-6E85-42F5-A89C-EE50AE4C446A}.Release|x64.Build.0 = Release|x64
		{68EDCF43-6E85-42F5-A89C-EE50AE4C446A}.Release|x86.ActiveCfg = Release|Win32
		{68EDCF43-6E85-42F5-A89C-EE50AE4C446A}.Release|x86.Build.0 = Release|Win32
	EndGlobalSection
	GlobalSection(SolutionProperties) = preSolution
		HideSolutionNode = FALSE
	EndGlobalSection
	GlobalSection(ExtensibilityGlobals) = postSolution
		SolutionGuid = {2F2A77BB-A672-4957-BFA3-EAFDCE93B434}
	EndGlobalSection
EndGlobal
